// !$*UTF8*$!
{
	archiveVersion = 1;
	classes = {
	};
	objectVersion = 56;
	objects = {

/* Begin PBXBuildFile section */
		A59425592BF4FE3100143602 /* AppDelegate.swift in Sources */ = {isa = PBXBuildFile; fileRef = A59425582BF4FE3100143602 /* AppDelegate.swift */; };
		A594255B2BF4FE3100143602 /* SceneDelegate.swift in Sources */ = {isa = PBXBuildFile; fileRef = A594255A2BF4FE3100143602 /* SceneDelegate.swift */; };
		A594255D2BF4FE3100143602 /* ViewController.swift in Sources */ = {isa = PBXBuildFile; fileRef = A594255C2BF4FE3100143602 /* ViewController.swift */; };
		A59425602BF4FE3100143602 /* Base in Resources */ = {isa = PBXBuildFile; fileRef = A594255F2BF4FE3100143602 /* Base */; };
		A59425622BF4FE3200143602 /* Assets.xcassets in Resources */ = {isa = PBXBuildFile; fileRef = A59425612BF4FE3200143602 /* Assets.xcassets */; };
		A59425652BF4FE3200143602 /* Base in Resources */ = {isa = PBXBuildFile; fileRef = A59425642BF4FE3200143602 /* Base */; };
		A820B2062BF5F13000E4899B /* generatemodule.py in Resources */ = {isa = PBXBuildFile; fileRef = A820B1F22BF5F13000E4899B /* generatemodule.py */; };
		A820B2072BF5F13000E4899B /* <%module%>Assembly.swift in Sources */ = {isa = PBXBuildFile; fileRef = A820B1F32BF5F13000E4899B /* <%module%>Assembly.swift */; };
		A820B2082BF5F13000E4899B /* <%module%>Interactor.swift in Sources */ = {isa = PBXBuildFile; fileRef = A820B1F52BF5F13000E4899B /* <%module%>Interactor.swift */; };
		A820B2092BF5F13000E4899B /* <%module%>InteractorInput.swift in Sources */ = {isa = PBXBuildFile; fileRef = A820B1F62BF5F13000E4899B /* <%module%>InteractorInput.swift */; };
		A820B20A2BF5F13000E4899B /* <%module%>InteractorOutput.swift in Sources */ = {isa = PBXBuildFile; fileRef = A820B1F72BF5F13000E4899B /* <%module%>InteractorOutput.swift */; };
		A820B20B2BF5F13000E4899B /* <%module%>ModuleInput.swift in Sources */ = {isa = PBXBuildFile; fileRef = A820B1F92BF5F13000E4899B /* <%module%>ModuleInput.swift */; };
		A820B20C2BF5F13000E4899B /* <%module%>ModuleOutput.swift in Sources */ = {isa = PBXBuildFile; fileRef = A820B1FA2BF5F13000E4899B /* <%module%>ModuleOutput.swift */; };
		A820B20D2BF5F13000E4899B /* <%module%>Presenter.swift in Sources */ = {isa = PBXBuildFile; fileRef = A820B1FB2BF5F13000E4899B /* <%module%>Presenter.swift */; };
		A820B20E2BF5F13000E4899B /* <%module%>Router.swift in Sources */ = {isa = PBXBuildFile; fileRef = A820B1FD2BF5F13000E4899B /* <%module%>Router.swift */; };
		A820B20F2BF5F13000E4899B /* <%module%>RouterInput.swift in Sources */ = {isa = PBXBuildFile; fileRef = A820B1FE2BF5F13000E4899B /* <%module%>RouterInput.swift */; };
		A820B2102BF5F13000E4899B /* <%module%>ViewController.swift in Sources */ = {isa = PBXBuildFile; fileRef = A820B2002BF5F13000E4899B /* <%module%>ViewController.swift */; };
		A820B2112BF5F13000E4899B /* <%module%>ViewControllerInput.swift in Sources */ = {isa = PBXBuildFile; fileRef = A820B2012BF5F13000E4899B /* <%module%>ViewControllerInput.swift */; };
		A820B2122BF5F13000E4899B /* <%module%>ViewControllerOutput.swift in Sources */ = {isa = PBXBuildFile; fileRef = A820B2022BF5F13000E4899B /* <%module%>ViewControllerOutput.swift */; };
/* End PBXBuildFile section */

/* Begin PBXFileReference section */
		A59425552BF4FE3100143602 /* Altimeter.app */ = {isa = PBXFileReference; explicitFileType = wrapper.application; includeInIndex = 0; path = Altimeter.app; sourceTree = BUILT_PRODUCTS_DIR; };
		A59425582BF4FE3100143602 /* AppDelegate.swift */ = {isa = PBXFileReference; lastKnownFileType = sourcecode.swift; path = AppDelegate.swift; sourceTree = "<group>"; };
		A594255A2BF4FE3100143602 /* SceneDelegate.swift */ = {isa = PBXFileReference; lastKnownFileType = sourcecode.swift; path = SceneDelegate.swift; sourceTree = "<group>"; };
		A594255C2BF4FE3100143602 /* ViewController.swift */ = {isa = PBXFileReference; lastKnownFileType = sourcecode.swift; path = ViewController.swift; sourceTree = "<group>"; };
		A594255F2BF4FE3100143602 /* Base */ = {isa = PBXFileReference; lastKnownFileType = file.storyboard; name = Base; path = Base.lproj/Main.storyboard; sourceTree = "<group>"; };
		A59425612BF4FE3200143602 /* Assets.xcassets */ = {isa = PBXFileReference; lastKnownFileType = folder.assetcatalog; path = Assets.xcassets; sourceTree = "<group>"; };
		A59425642BF4FE3200143602 /* Base */ = {isa = PBXFileReference; lastKnownFileType = file.storyboard; name = Base; path = Base.lproj/LaunchScreen.storyboard; sourceTree = "<group>"; };
		A59425662BF4FE3200143602 /* Info.plist */ = {isa = PBXFileReference; lastKnownFileType = text.plist.xml; path = Info.plist; sourceTree = "<group>"; };
		A820B1F22BF5F13000E4899B /* generatemodule.py */ = {isa = PBXFileReference; fileEncoding = 4; lastKnownFileType = text.script.python; path = generatemodule.py; sourceTree = "<group>"; };
		A820B1F32BF5F13000E4899B /* <%module%>Assembly.swift */ = {isa = PBXFileReference; fileEncoding = 4; lastKnownFileType = sourcecode.swift; path = "<%module%>Assembly.swift"; sourceTree = "<group>"; };
		A820B1F52BF5F13000E4899B /* <%module%>Interactor.swift */ = {isa = PBXFileReference; fileEncoding = 4; lastKnownFileType = sourcecode.swift; path = "<%module%>Interactor.swift"; sourceTree = "<group>"; };
		A820B1F62BF5F13000E4899B /* <%module%>InteractorInput.swift */ = {isa = PBXFileReference; fileEncoding = 4; lastKnownFileType = sourcecode.swift; path = "<%module%>InteractorInput.swift"; sourceTree = "<group>"; };
		A820B1F72BF5F13000E4899B /* <%module%>InteractorOutput.swift */ = {isa = PBXFileReference; fileEncoding = 4; lastKnownFileType = sourcecode.swift; path = "<%module%>InteractorOutput.swift"; sourceTree = "<group>"; };
		A820B1F92BF5F13000E4899B /* <%module%>ModuleInput.swift */ = {isa = PBXFileReference; fileEncoding = 4; lastKnownFileType = sourcecode.swift; path = "<%module%>ModuleInput.swift"; sourceTree = "<group>"; };
		A820B1FA2BF5F13000E4899B /* <%module%>ModuleOutput.swift */ = {isa = PBXFileReference; fileEncoding = 4; lastKnownFileType = sourcecode.swift; path = "<%module%>ModuleOutput.swift"; sourceTree = "<group>"; };
		A820B1FB2BF5F13000E4899B /* <%module%>Presenter.swift */ = {isa = PBXFileReference; fileEncoding = 4; lastKnownFileType = sourcecode.swift; path = "<%module%>Presenter.swift"; sourceTree = "<group>"; };
		A820B1FD2BF5F13000E4899B /* <%module%>Router.swift */ = {isa = PBXFileReference; fileEncoding = 4; lastKnownFileType = sourcecode.swift; path = "<%module%>Router.swift"; sourceTree = "<group>"; };
		A820B1FE2BF5F13000E4899B /* <%module%>RouterInput.swift */ = {isa = PBXFileReference; fileEncoding = 4; lastKnownFileType = sourcecode.swift; path = "<%module%>RouterInput.swift"; sourceTree = "<group>"; };
		A820B2002BF5F13000E4899B /* <%module%>ViewController.swift */ = {isa = PBXFileReference; fileEncoding = 4; lastKnownFileType = sourcecode.swift; path = "<%module%>ViewController.swift"; sourceTree = "<group>"; };
		A820B2012BF5F13000E4899B /* <%module%>ViewControllerInput.swift */ = {isa = PBXFileReference; fileEncoding = 4; lastKnownFileType = sourcecode.swift; path = "<%module%>ViewControllerInput.swift"; sourceTree = "<group>"; };
		A820B2022BF5F13000E4899B /* <%module%>ViewControllerOutput.swift */ = {isa = PBXFileReference; fileEncoding = 4; lastKnownFileType = sourcecode.swift; path = "<%module%>ViewControllerOutput.swift"; sourceTree = "<group>"; };
/* End PBXFileReference section */

/* Begin PBXFrameworksBuildPhase section */
		A59425522BF4FE3100143602 /* Frameworks */ = {
			isa = PBXFrameworksBuildPhase;
			buildActionMask = 2147483647;
			files = (
			);
			runOnlyForDeploymentPostprocessing = 0;
		};
/* End PBXFrameworksBuildPhase section */

/* Begin PBXGroup section */
		A594254C2BF4FE3100143602 = {
			isa = PBXGroup;
			children = (
				A59425572BF4FE3100143602 /* Altimeter */,
				A59425562BF4FE3100143602 /* Products */,
			);
			sourceTree = "<group>";
		};
		A59425562BF4FE3100143602 /* Products */ = {
			isa = PBXGroup;
			children = (
				A59425552BF4FE3100143602 /* Altimeter.app */,
			);
			name = Products;
			sourceTree = "<group>";
		};
		A59425572BF4FE3100143602 /* Altimeter */ = {
			isa = PBXGroup;
			children = (
				A820B1F02BF5F0A200E4899B /* sripts */,
				A59425582BF4FE3100143602 /* AppDelegate.swift */,
				A594255A2BF4FE3100143602 /* SceneDelegate.swift */,
				A594255C2BF4FE3100143602 /* ViewController.swift */,
				A594255E2BF4FE3100143602 /* Main.storyboard */,
				A59425612BF4FE3200143602 /* Assets.xcassets */,
				A59425632BF4FE3200143602 /* LaunchScreen.storyboard */,
				A59425662BF4FE3200143602 /* Info.plist */,
			);
			path = Altimeter;
			sourceTree = "<group>";
		};
		A820B1F02BF5F0A200E4899B /* sripts */ = {
			isa = PBXGroup;
			children = (
				A820B1F12BF5F0E800E4899B /* Module */,
			);
			path = sripts;
			sourceTree = "<group>";
		};
		A820B1F12BF5F0E800E4899B /* Module */ = {
			isa = PBXGroup;
			children = (
				A820B1F22BF5F13000E4899B /* generatemodule.py */,
				A820B2052BF5F13000E4899B /* ViperTemplate */,
			);
			path = Module;
			sourceTree = "<group>";
		};
		A820B1F42BF5F13000E4899B /* Assembly */ = {
			isa = PBXGroup;
			children = (
				A820B1F32BF5F13000E4899B /* <%module%>Assembly.swift */,
			);
			path = Assembly;
			sourceTree = "<group>";
		};
		A820B1F82BF5F13000E4899B /* Interactor */ = {
			isa = PBXGroup;
			children = (
				A820B1F52BF5F13000E4899B /* <%module%>Interactor.swift */,
				A820B1F62BF5F13000E4899B /* <%module%>InteractorInput.swift */,
				A820B1F72BF5F13000E4899B /* <%module%>InteractorOutput.swift */,
			);
			path = Interactor;
			sourceTree = "<group>";
		};
		A820B1FC2BF5F13000E4899B /* Presenter */ = {
			isa = PBXGroup;
			children = (
				A820B1F92BF5F13000E4899B /* <%module%>ModuleInput.swift */,
				A820B1FA2BF5F13000E4899B /* <%module%>ModuleOutput.swift */,
				A820B1FB2BF5F13000E4899B /* <%module%>Presenter.swift */,
			);
			path = Presenter;
			sourceTree = "<group>";
		};
		A820B1FF2BF5F13000E4899B /* Router */ = {
			isa = PBXGroup;
			children = (
				A820B1FD2BF5F13000E4899B /* <%module%>Router.swift */,
				A820B1FE2BF5F13000E4899B /* <%module%>RouterInput.swift */,
			);
			path = Router;
			sourceTree = "<group>";
		};
		A820B2032BF5F13000E4899B /* View */ = {
			isa = PBXGroup;
			children = (
				A820B2002BF5F13000E4899B /* <%module%>ViewController.swift */,
				A820B2012BF5F13000E4899B /* <%module%>ViewControllerInput.swift */,
				A820B2022BF5F13000E4899B /* <%module%>ViewControllerOutput.swift */,
			);
			path = View;
			sourceTree = "<group>";
		};
		A820B2042BF5F13000E4899B /* <%module%> */ = {
			isa = PBXGroup;
			children = (
				A820B1F42BF5F13000E4899B /* Assembly */,
				A820B1F82BF5F13000E4899B /* Interactor */,
				A820B1FC2BF5F13000E4899B /* Presenter */,
				A820B1FF2BF5F13000E4899B /* Router */,
				A820B2032BF5F13000E4899B /* View */,
			);
			path = "<%module%>";
			sourceTree = "<group>";
		};
		A820B2052BF5F13000E4899B /* ViperTemplate */ = {
			isa = PBXGroup;
			children = (
				A820B2042BF5F13000E4899B /* <%module%> */,
			);
			path = ViperTemplate;
			sourceTree = "<group>";
		};
/* End PBXGroup section */

/* Begin PBXNativeTarget section */
		A59425542BF4FE3100143602 /* Altimeter */ = {
			isa = PBXNativeTarget;
			buildConfigurationList = A59425692BF4FE3200143602 /* Build configuration list for PBXNativeTarget "Altimeter" */;
			buildPhases = (
				A59425512BF4FE3100143602 /* Sources */,
				A59425522BF4FE3100143602 /* Frameworks */,
				A59425532BF4FE3100143602 /* Resources */,
			);
			buildRules = (
			);
			dependencies = (
			);
			name = Altimeter;
			productName = Altimeter;
			productReference = A59425552BF4FE3100143602 /* Altimeter.app */;
			productType = "com.apple.product-type.application";
		};
/* End PBXNativeTarget section */

/* Begin PBXProject section */
		A594254D2BF4FE3100143602 /* Project object */ = {
			isa = PBXProject;
			attributes = {
				BuildIndependentTargetsInParallel = 1;
				LastSwiftUpdateCheck = 1530;
				LastUpgradeCheck = 1530;
				TargetAttributes = {
					A59425542BF4FE3100143602 = {
						CreatedOnToolsVersion = 15.3;
					};
				};
			};
			buildConfigurationList = A59425502BF4FE3100143602 /* Build configuration list for PBXProject "Altimeter" */;
			compatibilityVersion = "Xcode 14.0";
			developmentRegion = en;
			hasScannedForEncodings = 0;
			knownRegions = (
				en,
				Base,
			);
			mainGroup = A594254C2BF4FE3100143602;
			productRefGroup = A59425562BF4FE3100143602 /* Products */;
			projectDirPath = "";
			projectRoot = "";
			targets = (
				A59425542BF4FE3100143602 /* Altimeter */,
			);
		};
/* End PBXProject section */

/* Begin PBXResourcesBuildPhase section */
		A59425532BF4FE3100143602 /* Resources */ = {
			isa = PBXResourcesBuildPhase;
			buildActionMask = 2147483647;
			files = (
				A59425622BF4FE3200143602 /* Assets.xcassets in Resources */,
				A820B2062BF5F13000E4899B /* generatemodule.py in Resources */,
				A59425652BF4FE3200143602 /* Base in Resources */,
				A59425602BF4FE3100143602 /* Base in Resources */,
			);
			runOnlyForDeploymentPostprocessing = 0;
		};
/* End PBXResourcesBuildPhase section */

/* Begin PBXSourcesBuildPhase section */
		A59425512BF4FE3100143602 /* Sources */ = {
			isa = PBXSourcesBuildPhase;
			buildActionMask = 2147483647;
			files = (
				A594255D2BF4FE3100143602 /* ViewController.swift in Sources */,
				A820B20C2BF5F13000E4899B /* <%module%>ModuleOutput.swift in Sources */,
				A820B20E2BF5F13000E4899B /* <%module%>Router.swift in Sources */,
				A820B2082BF5F13000E4899B /* <%module%>Interactor.swift in Sources */,
				A820B2072BF5F13000E4899B /* <%module%>Assembly.swift in Sources */,
				A820B2092BF5F13000E4899B /* <%module%>InteractorInput.swift in Sources */,
				A820B20A2BF5F13000E4899B /* <%module%>InteractorOutput.swift in Sources */,
				A59425592BF4FE3100143602 /* AppDelegate.swift in Sources */,
				A820B2102BF5F13000E4899B /* <%module%>ViewController.swift in Sources */,
				A820B2122BF5F13000E4899B /* <%module%>ViewControllerOutput.swift in Sources */,
				A820B2112BF5F13000E4899B /* <%module%>ViewControllerInput.swift in Sources */,
				A820B20B2BF5F13000E4899B /* <%module%>ModuleInput.swift in Sources */,
				A820B20F2BF5F13000E4899B /* <%module%>RouterInput.swift in Sources */,
				A820B20D2BF5F13000E4899B /* <%module%>Presenter.swift in Sources */,
				A594255B2BF4FE3100143602 /* SceneDelegate.swift in Sources */,
			);
			runOnlyForDeploymentPostprocessing = 0;
		};
/* End PBXSourcesBuildPhase section */

/* Begin PBXVariantGroup section */
		A594255E2BF4FE3100143602 /* Main.storyboard */ = {
			isa = PBXVariantGroup;
			children = (
				A594255F2BF4FE3100143602 /* Base */,
			);
			name = Main.storyboard;
			sourceTree = "<group>";
		};
		A59425632BF4FE3200143602 /* LaunchScreen.storyboard */ = {
			isa = PBXVariantGroup;
			children = (
				A59425642BF4FE3200143602 /* Base */,
			);
			name = LaunchScreen.storyboard;
			sourceTree = "<group>";
		};
/* End PBXVariantGroup section */

/* Begin XCBuildConfiguration section */
		A59425672BF4FE3200143602 /* Debug */ = {
			isa = XCBuildConfiguration;
			buildSettings = {
				ALWAYS_SEARCH_USER_PATHS = NO;
				ASSETCATALOG_COMPILER_GENERATE_SWIFT_ASSET_SYMBOL_EXTENSIONS = YES;
				CLANG_ANALYZER_NONNULL = YES;
				CLANG_ANALYZER_NUMBER_OBJECT_CONVERSION = YES_AGGRESSIVE;
				CLANG_CXX_LANGUAGE_STANDARD = "gnu++20";
				CLANG_ENABLE_MODULES = YES;
				CLANG_ENABLE_OBJC_ARC = YES;
				CLANG_ENABLE_OBJC_WEAK = YES;
				CLANG_WARN_BLOCK_CAPTURE_AUTORELEASING = YES;
				CLANG_WARN_BOOL_CONVERSION = YES;
				CLANG_WARN_COMMA = YES;
				CLANG_WARN_CONSTANT_CONVERSION = YES;
				CLANG_WARN_DEPRECATED_OBJC_IMPLEMENTATIONS = YES;
				CLANG_WARN_DIRECT_OBJC_ISA_USAGE = YES_ERROR;
				CLANG_WARN_DOCUMENTATION_COMMENTS = YES;
				CLANG_WARN_EMPTY_BODY = YES;
				CLANG_WARN_ENUM_CONVERSION = YES;
				CLANG_WARN_INFINITE_RECURSION = YES;
				CLANG_WARN_INT_CONVERSION = YES;
				CLANG_WARN_NON_LITERAL_NULL_CONVERSION = YES;
				CLANG_WARN_OBJC_IMPLICIT_RETAIN_SELF = YES;
				CLANG_WARN_OBJC_LITERAL_CONVERSION = YES;
				CLANG_WARN_OBJC_ROOT_CLASS = YES_ERROR;
				CLANG_WARN_QUOTED_INCLUDE_IN_FRAMEWORK_HEADER = YES;
				CLANG_WARN_RANGE_LOOP_ANALYSIS = YES;
				CLANG_WARN_STRICT_PROTOTYPES = YES;
				CLANG_WARN_SUSPICIOUS_MOVE = YES;
				CLANG_WARN_UNGUARDED_AVAILABILITY = YES_AGGRESSIVE;
				CLANG_WARN_UNREACHABLE_CODE = YES;
				CLANG_WARN__DUPLICATE_METHOD_MATCH = YES;
				COPY_PHASE_STRIP = NO;
				DEBUG_INFORMATION_FORMAT = dwarf;
				ENABLE_STRICT_OBJC_MSGSEND = YES;
				ENABLE_TESTABILITY = YES;
				ENABLE_USER_SCRIPT_SANDBOXING = YES;
				GCC_C_LANGUAGE_STANDARD = gnu17;
				GCC_DYNAMIC_NO_PIC = NO;
				GCC_NO_COMMON_BLOCKS = YES;
				GCC_OPTIMIZATION_LEVEL = 0;
				GCC_PREPROCESSOR_DEFINITIONS = (
					"DEBUG=1",
					"$(inherited)",
				);
				GCC_WARN_64_TO_32_BIT_CONVERSION = YES;
				GCC_WARN_ABOUT_RETURN_TYPE = YES_ERROR;
				GCC_WARN_UNDECLARED_SELECTOR = YES;
				GCC_WARN_UNINITIALIZED_AUTOS = YES_AGGRESSIVE;
				GCC_WARN_UNUSED_FUNCTION = YES;
				GCC_WARN_UNUSED_VARIABLE = YES;
				IPHONEOS_DEPLOYMENT_TARGET = 17.4;
				LOCALIZATION_PREFERS_STRING_CATALOGS = YES;
				MTL_ENABLE_DEBUG_INFO = INCLUDE_SOURCE;
				MTL_FAST_MATH = YES;
				ONLY_ACTIVE_ARCH = YES;
				SDKROOT = iphoneos;
				SWIFT_ACTIVE_COMPILATION_CONDITIONS = "DEBUG $(inherited)";
				SWIFT_OPTIMIZATION_LEVEL = "-Onone";
			};
			name = Debug;
		};
		A59425682BF4FE3200143602 /* Release */ = {
			isa = XCBuildConfiguration;
			buildSettings = {
				ALWAYS_SEARCH_USER_PATHS = NO;
				ASSETCATALOG_COMPILER_GENERATE_SWIFT_ASSET_SYMBOL_EXTENSIONS = YES;
				CLANG_ANALYZER_NONNULL = YES;
				CLANG_ANALYZER_NUMBER_OBJECT_CONVERSION = YES_AGGRESSIVE;
				CLANG_CXX_LANGUAGE_STANDARD = "gnu++20";
				CLANG_ENABLE_MODULES = YES;
				CLANG_ENABLE_OBJC_ARC = YES;
				CLANG_ENABLE_OBJC_WEAK = YES;
				CLANG_WARN_BLOCK_CAPTURE_AUTORELEASING = YES;
				CLANG_WARN_BOOL_CONVERSION = YES;
				CLANG_WARN_COMMA = YES;
				CLANG_WARN_CONSTANT_CONVERSION = YES;
				CLANG_WARN_DEPRECATED_OBJC_IMPLEMENTATIONS = YES;
				CLANG_WARN_DIRECT_OBJC_ISA_USAGE = YES_ERROR;
				CLANG_WARN_DOCUMENTATION_COMMENTS = YES;
				CLANG_WARN_EMPTY_BODY = YES;
				CLANG_WARN_ENUM_CONVERSION = YES;
				CLANG_WARN_INFINITE_RECURSION = YES;
				CLANG_WARN_INT_CONVERSION = YES;
				CLANG_WARN_NON_LITERAL_NULL_CONVERSION = YES;
				CLANG_WARN_OBJC_IMPLICIT_RETAIN_SELF = YES;
				CLANG_WARN_OBJC_LITERAL_CONVERSION = YES;
				CLANG_WARN_OBJC_ROOT_CLASS = YES_ERROR;
				CLANG_WARN_QUOTED_INCLUDE_IN_FRAMEWORK_HEADER = YES;
				CLANG_WARN_RANGE_LOOP_ANALYSIS = YES;
				CLANG_WARN_STRICT_PROTOTYPES = YES;
				CLANG_WARN_SUSPICIOUS_MOVE = YES;
				CLANG_WARN_UNGUARDED_AVAILABILITY = YES_AGGRESSIVE;
				CLANG_WARN_UNREACHABLE_CODE = YES;
				CLANG_WARN__DUPLICATE_METHOD_MATCH = YES;
				COPY_PHASE_STRIP = NO;
				DEBUG_INFORMATION_FORMAT = "dwarf-with-dsym";
				ENABLE_NS_ASSERTIONS = NO;
				ENABLE_STRICT_OBJC_MSGSEND = YES;
				ENABLE_USER_SCRIPT_SANDBOXING = YES;
				GCC_C_LANGUAGE_STANDARD = gnu17;
				GCC_NO_COMMON_BLOCKS = YES;
				GCC_WARN_64_TO_32_BIT_CONVERSION = YES;
				GCC_WARN_ABOUT_RETURN_TYPE = YES_ERROR;
				GCC_WARN_UNDECLARED_SELECTOR = YES;
				GCC_WARN_UNINITIALIZED_AUTOS = YES_AGGRESSIVE;
				GCC_WARN_UNUSED_FUNCTION = YES;
				GCC_WARN_UNUSED_VARIABLE = YES;
				IPHONEOS_DEPLOYMENT_TARGET = 17.4;
				LOCALIZATION_PREFERS_STRING_CATALOGS = YES;
				MTL_ENABLE_DEBUG_INFO = NO;
				MTL_FAST_MATH = YES;
				SDKROOT = iphoneos;
				SWIFT_COMPILATION_MODE = wholemodule;
				VALIDATE_PRODUCT = YES;
			};
			name = Release;
		};
		A594256A2BF4FE3200143602 /* Debug */ = {
			isa = XCBuildConfiguration;
			buildSettings = {
				ASSETCATALOG_COMPILER_APPICON_NAME = AppIcon;
				ASSETCATALOG_COMPILER_GLOBAL_ACCENT_COLOR_NAME = AccentColor;
				CODE_SIGN_STYLE = Automatic;
				CURRENT_PROJECT_VERSION = 1;
				GENERATE_INFOPLIST_FILE = YES;
				INFOPLIST_FILE = Altimeter/Info.plist;
				INFOPLIST_KEY_UIApplicationSupportsIndirectInputEvents = YES;
				INFOPLIST_KEY_UILaunchStoryboardName = LaunchScreen;
				INFOPLIST_KEY_UIMainStoryboardFile = Main;
				INFOPLIST_KEY_UISupportedInterfaceOrientations_iPad = "UIInterfaceOrientationPortrait UIInterfaceOrientationPortraitUpsideDown UIInterfaceOrientationLandscapeLeft UIInterfaceOrientationLandscapeRight";
				INFOPLIST_KEY_UISupportedInterfaceOrientations_iPhone = "UIInterfaceOrientationPortrait UIInterfaceOrientationLandscapeLeft UIInterfaceOrientationLandscapeRight";
				LD_RUNPATH_SEARCH_PATHS = (
					"$(inherited)",
					"@executable_path/Frameworks",
				);
				MARKETING_VERSION = 1.0;
				PRODUCT_BUNDLE_IDENTIFIER = ru.swiftme.Altimeter;
				PRODUCT_NAME = "$(TARGET_NAME)";
				SWIFT_EMIT_LOC_STRINGS = YES;
				SWIFT_VERSION = 5.0;
				TARGETED_DEVICE_FAMILY = "1,2";
			};
			name = Debug;
		};
		A594256B2BF4FE3200143602 /* Release */ = {
			isa = XCBuildConfiguration;
			buildSettings = {
				ASSETCATALOG_COMPILER_APPICON_NAME = AppIcon;
				ASSETCATALOG_COMPILER_GLOBAL_ACCENT_COLOR_NAME = AccentColor;
				CODE_SIGN_STYLE = Automatic;
				CURRENT_PROJECT_VERSION = 1;
				GENERATE_INFOPLIST_FILE = YES;
				INFOPLIST_FILE = Altimeter/Info.plist;
				INFOPLIST_KEY_UIApplicationSupportsIndirectInputEvents = YES;
				INFOPLIST_KEY_UILaunchStoryboardName = LaunchScreen;
				INFOPLIST_KEY_UIMainStoryboardFile = Main;
				INFOPLIST_KEY_UISupportedInterfaceOrientations_iPad = "UIInterfaceOrientationPortrait UIInterfaceOrientationPortraitUpsideDown UIInterfaceOrientationLandscapeLeft UIInterfaceOrientationLandscapeRight";
				INFOPLIST_KEY_UISupportedInterfaceOrientations_iPhone = "UIInterfaceOrientationPortrait UIInterfaceOrientationLandscapeLeft UIInterfaceOrientationLandscapeRight";
				LD_RUNPATH_SEARCH_PATHS = (
					"$(inherited)",
					"@executable_path/Frameworks",
				);
				MARKETING_VERSION = 1.0;
				PRODUCT_BUNDLE_IDENTIFIER = ru.swiftme.Altimeter;
				PRODUCT_NAME = "$(TARGET_NAME)";
				SWIFT_EMIT_LOC_STRINGS = YES;
				SWIFT_VERSION = 5.0;
				TARGETED_DEVICE_FAMILY = "1,2";
			};
			name = Release;
		};
/* End XCBuildConfiguration section */

/* Begin XCConfigurationList section */
		A59425502BF4FE3100143602 /* Build configuration list for PBXProject "Altimeter" */ = {
			isa = XCConfigurationList;
			buildConfigurations = (
				A59425672BF4FE3200143602 /* Debug */,
				A59425682BF4FE3200143602 /* Release */,
			);
			defaultConfigurationIsVisible = 0;
			defaultConfigurationName = Release;
		};
		A59425692BF4FE3200143602 /* Build configuration list for PBXNativeTarget "Altimeter" */ = {
			isa = XCConfigurationList;
			buildConfigurations = (
				A594256A2BF4FE3200143602 /* Debug */,
				A594256B2BF4FE3200143602 /* Release */,
			);
			defaultConfigurationIsVisible = 0;
			defaultConfigurationName = Release;
		};
/* End XCConfigurationList section */
	};
	rootObject = A594254D2BF4FE3100143602 /* Project object */;
}
